
Microsoft Visual Studio Solution File, Format Version 12.00
# Visual Studio 2012
Project("{FAE04EC0-301F-11D3-BF4B-00C04F79EFBC}") = "UnityRegistrationValidator", "UnityRegistrationValidator\UnityRegistrationValidator.csproj", "{8204BDB9-C366-4E8F-89CA-DCCD3F5D3F1A}"
EndProject
Project("{FAE04EC0-301F-11D3-BF4B-00C04F79EFBC}") = "UnityRegistrationValidator.Tests", "UnityRegistrationValidator.Tests\UnityRegistrationValidator.Tests.csproj", "{A21AE8B5-E00B-4F0C-82B7-43E9E927F3BC}"
EndProject
Project("{2150E333-8FDC-42A3-9474-1A3956D46DE8}") = "Docs", "Docs", "{CBC4C013-F2EE-44B8-AB33-C47C12C386F7}"
	ProjectSection(SolutionItems) = preProject
		..\LICENSE = ..\LICENSE
		..\README.md = ..\README.md
	EndProjectSection
EndProject
Project("{2150E333-8FDC-42A3-9474-1A3956D46DE8}") = "Nuget", "Nuget", "{D22D361B-4D97-493D-81DE-770EF7368D21}"
	ProjectSection(SolutionItems) = preProject
		Nuget\UnityRegistrationValidator\UnityRegistrationValidator.nuspec = Nuget\UnityRegistrationValidator\UnityRegistrationValidator.nuspec
	EndProjectSection
EndProject
Global
	GlobalSection(SolutionConfigurationPlatforms) = preSolution
		Debug|Any CPU = Debug|Any CPU
		Release|Any CPU = Release|Any CPU
	EndGlobalSection
	GlobalSection(ProjectConfigurationPlatforms) = postSolution
		{8204BDB9-C366-4E8F-89CA-DCCD3F5D3F1A}.Debug|Any CPU.ActiveCfg = Debug|Any CPU
		{8204BDB9-C366-4E8F-89CA-DCCD3F5D3F1A}.Debug|Any CPU.Build.0 = Debug|Any CPU
		{8204BDB9-C366-4E8F-89CA-DCCD3F5D3F1A}.Release|Any CPU.ActiveCfg = Release|Any CPU
		{8204BDB9-C366-4E8F-89CA-DCCD3F5D3F1A}.Release|Any CPU.Build.0 = Release|Any CPU
		{A21AE8B5-E00B-4F0C-82B7-43E9E927F3BC}.Debug|Any CPU.ActiveCfg = Debug|Any CPU
		{A21AE8B5-E00B-4F0C-82B7-43E9E927F3BC}.Debug|Any CPU.Build.0 = Debug|Any CPU
		{A21AE8B5-E00B-4F0C-82B7-43E9E927F3BC}.Release|Any CPU.ActiveCfg = Release|Any CPU
		{A21AE8B5-E00B-4F0C-82B7-43E9E927F3BC}.Release|Any CPU.Build.0 = Release|Any CPU
	EndGlobalSection
	GlobalSection(SolutionProperties) = preSolution
		HideSolutionNode = FALSE
	EndGlobalSection
	GlobalSection(ExtensibilityGlobals) = postSolution
		EnterpriseLibraryConfigurationToolBinariesPath = packages\Unity.2.1.505.2\lib\NET35
	EndGlobalSection
EndGlobal
